Microsoft Visual Studio Solution File, Format Version 12.00
# Visual Studio Version 17
VisualStudioVersion = 17.5.2.0
MinimumVisualStudioVersion = 10.0.40219.1
Project("{2150E333-8FDC-42A3-9474-1A3956D46DE8}") = "implementations", "implementations", "{960B990D-B96C-8BF2-4DC4-C97CD8288A26}"
EndProject
Project("{FAE04EC0-301F-11D3-BF4B-00C04F79EFBC}") = "OptimizedSSSP", "implementations\csharp\OptimizedSSSP.csproj", "{13F3CAF8-80E4-D171-82AD-F8435B973F11}"
EndProject
Global
	GlobalSection(SolutionConfigurationPlatforms) = preSolution
		Debug|Any CPU = Debug|Any CPU
		Release|Any CPU = Release|Any CPU
	EndGlobalSection
	GlobalSection(ProjectConfigurationPlatforms) = postSolution
		{13F3CAF8-80E4-D171-82AD-F8435B973F11}.Debug|Any CPU.ActiveCfg = Debug|Any CPU
		{13F3CAF8-80E4-D171-82AD-F8435B973F11}.Debug|Any CPU.Build.0 = Debug|Any CPU
		{13F3CAF8-80E4-D171-82AD-F8435B973F11}.Release|Any CPU.ActiveCfg = Release|Any CPU
		{13F3CAF8-80E4-D171-82AD-F8435B973F11}.Release|Any CPU.Build.0 = Release|Any CPU
	EndGlobalSection
	GlobalSection(SolutionProperties) = preSolution
		HideSolutionNode = FALSE
	EndGlobalSection
	GlobalSection(NestedProjects) = preSolution
		{13F3CAF8-80E4-D171-82AD-F8435B973F11} = {960B990D-B96C-8BF2-4DC4-C97CD8288A26}
	EndGlobalSection
	GlobalSection(ExtensibilityGlobals) = postSolution
		SolutionGuid = {AF6D4A30-D79A-41D8-9FEF-5186AFFD465B}
	EndGlobalSection
EndGlobal
